
Microsoft Visual Studio Solution File, Format Version 12.00
# Visual Studio 2013
VisualStudioVersion = 12.0.21005.1
MinimumVisualStudioVersion = 10.0.40219.1
Project("{FAE04EC0-301F-11D3-BF4B-00C04F79EFBC}") = "WSHnotify.Ui", "web_site_hack_notifyer_sp1\WSHnotify.Ui.csproj", "{BBDBEC42-E155-44FB-B021-528BD6E01BAC}"
EndProject
Project("{FAE04EC0-301F-11D3-BF4B-00C04F79EFBC}") = "WSHnotify.Entities", "DbConnectionSample.Entities\WSHnotify.Entities.csproj", "{61C7693A-13B6-4FD8-91F5-057CDD86F74F}"
EndProject
Project("{FAE04EC0-301F-11D3-BF4B-00C04F79EFBC}") = "WSHnotify.Framework", "DbConnectionSample.Framework\WSHnotify.Framework.csproj", "{E97A0080-C8C6-4445-B5AF-456351F2A95C}"
EndProject
Project("{FAE04EC0-301F-11D3-BF4B-00C04F79EFBC}") = "WSHnotify.DataAccess", "DbConnectionSample.DataAccess\WSHnotify.DataAccess.csproj", "{1B60FB50-47FE-424A-BDAA-8C99C75F5EA5}"
EndProject
Global
	GlobalSection(SolutionConfigurationPlatforms) = preSolution
		Debug|Any CPU = Debug|Any CPU
		Release|Any CPU = Release|Any CPU
	EndGlobalSection
	GlobalSection(ProjectConfigurationPlatforms) = postSolution
		{BBDBEC42-E155-44FB-B021-528BD6E01BAC}.Debug|Any CPU.ActiveCfg = Debug|Any CPU
		{BBDBEC42-E155-44FB-B021-528BD6E01BAC}.Debug|Any CPU.Build.0 = Debug|Any CPU
		{BBDBEC42-E155-44FB-B021-528BD6E01BAC}.Release|Any CPU.ActiveCfg = Release|Any CPU
		{BBDBEC42-E155-44FB-B021-528BD6E01BAC}.Release|Any CPU.Build.0 = Release|Any CPU
		{61C7693A-13B6-4FD8-91F5-057CDD86F74F}.Debug|Any CPU.ActiveCfg = Debug|Any CPU
		{61C7693A-13B6-4FD8-91F5-057CDD86F74F}.Debug|Any CPU.Build.0 = Debug|Any CPU
		{61C7693A-13B6-4FD8-91F5-057CDD86F74F}.Release|Any CPU.ActiveCfg = Release|Any CPU
		{61C7693A-13B6-4FD8-91F5-057CDD86F74F}.Release|Any CPU.Build.0 = Release|Any CPU
		{E97A0080-C8C6-4445-B5AF-456351F2A95C}.Debug|Any CPU.ActiveCfg = Debug|Any CPU
		{E97A0080-C8C6-4445-B5AF-456351F2A95C}.Debug|Any CPU.Build.0 = Debug|Any CPU
		{E97A0080-C8C6-4445-B5AF-456351F2A95C}.Release|Any CPU.ActiveCfg = Release|Any CPU
		{E97A0080-C8C6-4445-B5AF-456351F2A95C}.Release|Any CPU.Build.0 = Release|Any CPU
		{1B60FB50-47FE-424A-BDAA-8C99C75F5EA5}.Debug|Any CPU.ActiveCfg = Debug|Any CPU
		{1B60FB50-47FE-424A-BDAA-8C99C75F5EA5}.Debug|Any CPU.Build.0 = Debug|Any CPU
		{1B60FB50-47FE-424A-BDAA-8C99C75F5EA5}.Release|Any CPU.ActiveCfg = Release|Any CPU
		{1B60FB50-47FE-424A-BDAA-8C99C75F5EA5}.Release|Any CPU.Build.0 = Release|Any CPU
	EndGlobalSection
	GlobalSection(SolutionProperties) = preSolution
		HideSolutionNode = FALSE
	EndGlobalSection
EndGlobal
